
Microsoft Visual Studio Solution File, Format Version 12.00
# Visual Studio Version 17
VisualStudioVersion = 17.3.32825.248
MinimumVisualStudioVersion = 10.0.40219.1
Project("{FAE04EC0-301F-11D3-BF4B-00C04F79EFBC}") = "l'application pour diploma", "l'application pour diploma.csproj", "{A6FCEFBB-C469-4BF9-9AF4-65A297F90F1D}"
EndProject
Global
	GlobalSection(SolutionConfigurationPlatforms) = preSolution
		Debug|Any CPU = Debug|Any CPU
		Release|Any CPU = Release|Any CPU
	EndGlobalSection
	GlobalSection(ProjectConfigurationPlatforms) = postSolution
		{A6FCEFBB-C469-4BF9-9AF4-65A297F90F1D}.Debug|Any CPU.ActiveCfg = Debug|Any CPU
		{A6FCEFBB-C469-4BF9-9AF4-65A297F90F1D}.Debug|Any CPU.Build.0 = Debug|Any CPU
		{A6FCEFBB-C469-4BF9-9AF4-65A297F90F1D}.Release|Any CPU.ActiveCfg = Release|Any CPU
		{A6FCEFBB-C469-4BF9-9AF4-65A297F90F1D}.Release|Any CPU.Build.0 = Release|Any CPU
	EndGlobalSection
	GlobalSection(SolutionProperties) = preSolution
		HideSolutionNode = FALSE
	EndGlobalSection
	GlobalSection(ExtensibilityGlobals) = postSolution
		SolutionGuid = {A4B657B5-1CA6-4A3D-B9CF-D900F5AD0A6D}
	EndGlobalSection
EndGlobal
